
Microsoft Visual Studio Solution File, Format Version 12.00
# Visual Studio Version 17
VisualStudioVersion = 17.10.35013.160
MinimumVisualStudioVersion = 10.0.40219.1
Project("{FAE04EC0-301F-11D3-BF4B-00C04F79EFBC}") = "AlgorithmsVisualisator", "AlgorithmsVisualisator.csproj", "{08069C96-EFB8-474F-B12B-7C2794B19EFC}"
EndProject
Global
	GlobalSection(SolutionConfigurationPlatforms) = preSolution
		Debug|Any CPU = Debug|Any CPU
		Release|Any CPU = Release|Any CPU
	EndGlobalSection
	GlobalSection(ProjectConfigurationPlatforms) = postSolution
		{08069C96-EFB8-474F-B12B-7C2794B19EFC}.Debug|Any CPU.ActiveCfg = Debug|Any CPU
		{08069C96-EFB8-474F-B12B-7C2794B19EFC}.Debug|Any CPU.Build.0 = Debug|Any CPU
		{08069C96-EFB8-474F-B12B-7C2794B19EFC}.Release|Any CPU.ActiveCfg = Release|Any CPU
		{08069C96-EFB8-474F-B12B-7C2794B19EFC}.Release|Any CPU.Build.0 = Release|Any CPU
	EndGlobalSection
	GlobalSection(SolutionProperties) = preSolution
		HideSolutionNode = FALSE
	EndGlobalSection
	GlobalSection(ExtensibilityGlobals) = postSolution
		SolutionGuid = {BB933554-91F2-4900-B065-295A82A94BA1}
	EndGlobalSection
EndGlobal
